
Microsoft Visual Studio Solution File, Format Version 12.00
# Visual Studio Version 16
VisualStudioVersion = 16.0.31321.278
MinimumVisualStudioVersion = 10.0.40219.1
Project("{FAE04EC0-301F-11D3-BF4B-00C04F79EFBC}") = "LinkGroup.DemoTests", "LinkGroup.DemoTests\LinkGroup.DemoTests.csproj", "{B412FF2D-3D31-4F1C-9AFF-B48D0A0B6FC3}"
EndProject
Global
	GlobalSection(SolutionConfigurationPlatforms) = preSolution
		Debug|Any CPU = Debug|Any CPU
		Release|Any CPU = Release|Any CPU
	EndGlobalSection
	GlobalSection(ProjectConfigurationPlatforms) = postSolution
		{B412FF2D-3D31-4F1C-9AFF-B48D0A0B6FC3}.Debug|Any CPU.ActiveCfg = Debug|Any CPU
		{B412FF2D-3D31-4F1C-9AFF-B48D0A0B6FC3}.Debug|Any CPU.Build.0 = Debug|Any CPU
		{B412FF2D-3D31-4F1C-9AFF-B48D0A0B6FC3}.Release|Any CPU.ActiveCfg = Release|Any CPU
		{B412FF2D-3D31-4F1C-9AFF-B48D0A0B6FC3}.Release|Any CPU.Build.0 = Release|Any CPU
	EndGlobalSection
	GlobalSection(SolutionProperties) = preSolution
		HideSolutionNode = FALSE
	EndGlobalSection
	GlobalSection(ExtensibilityGlobals) = postSolution
		SolutionGuid = {E330B062-7157-46CE-895B-A3BFB334F3CB}
	EndGlobalSection
EndGlobal
